
Microsoft Visual Studio Solution File, Format Version 12.00
# Visual Studio 15
VisualStudioVersion = 15.0.26206.0
MinimumVisualStudioVersion = 10.0.40219.1
Project("{2150E333-8FDC-42A3-9474-1A3956D46DE8}") = "Engine", "Engine", "{4A9FE364-C4EF-40C9-806D-495CE040EADA}"
EndProject
Project("{2150E333-8FDC-42A3-9474-1A3956D46DE8}") = "Runtime", "Runtime", "{A19CF7AC-2342-4F94-8470-F7980BBBC381}"
EndProject
Project("{9A19103F-16F7-4668-BE54-9A1E7A4F7556}") = "Runtime.Abstractions", "Engine\Runtime.Abstractions\Source\Runtime.Abstractions.csproj", "{F4CE277F-3E6B-4D2F-B8CB-DA5D9A085C9D}"
EndProject
Project("{2150E333-8FDC-42A3-9474-1A3956D46DE8}") = "Abstractions", "Abstractions", "{36970E2F-2518-4213-94C3-82DE533AC888}"
EndProject
Project("{2150E333-8FDC-42A3-9474-1A3956D46DE8}") = "Game", "Game", "{28854D35-36F6-405B-900D-FA9D8A68B870}"
EndProject
Project("{9A19103F-16F7-4668-BE54-9A1E7A4F7556}") = "Runtime.Game", "Engine\Runtime.Game\Source\Runtime.Game.csproj", "{4B74217D-1454-4CDE-8EDC-3DB7426A7C49}"
EndProject
Project("{FAE04EC0-301F-11D3-BF4B-00C04F79EFBC}") = "Runtime.Game.Tests", "Engine\Runtime.Game\Tests\Runtime.Game.Tests.csproj", "{19FACD74-7EFD-484E-B3F0-4CC98E222F6B}"
EndProject
Project("{2150E333-8FDC-42A3-9474-1A3956D46DE8}") = "Adapter.Telnet", "Adapter.Telnet", "{57CB3913-BC78-4AC6-9113-C5086686E52B}"
EndProject
Project("{FAE04EC0-301F-11D3-BF4B-00C04F79EFBC}") = "Runtime.Adapter.Telnet", "Engine\Runtime.Adapter.Telnet\Source\Runtime.Adapter.Telnet.csproj", "{A2E48571-50F2-454A-A6F7-72FE8C6F80A8}"
EndProject
Project("{FAE04EC0-301F-11D3-BF4B-00C04F79EFBC}") = "Runtime.Adapter.Telnet.Tests", "Engine\Runtime.Adapter.Telnet\Tests\Runtime.Adapter.Telnet.Tests.csproj", "{507BC059-A010-4156-879B-215C59AC0DD3}"
EndProject
Project("{FAE04EC0-301F-11D3-BF4B-00C04F79EFBC}") = "Tests", "Engine\Runtime.Abstractions\Tests\Tests.csproj", "{4B50386C-C387-4770-9FFC-6DD83879B25D}"
EndProject
Global
	GlobalSection(SolutionConfigurationPlatforms) = preSolution
		Debug|Any CPU = Debug|Any CPU
		Debug|x64 = Debug|x64
		Debug|x86 = Debug|x86
		Release|Any CPU = Release|Any CPU
		Release|x64 = Release|x64
		Release|x86 = Release|x86
	EndGlobalSection
	GlobalSection(ProjectConfigurationPlatforms) = postSolution
		{F4CE277F-3E6B-4D2F-B8CB-DA5D9A085C9D}.Debug|Any CPU.ActiveCfg = Debug|Any CPU
		{F4CE277F-3E6B-4D2F-B8CB-DA5D9A085C9D}.Debug|Any CPU.Build.0 = Debug|Any CPU
		{F4CE277F-3E6B-4D2F-B8CB-DA5D9A085C9D}.Debug|x64.ActiveCfg = Debug|x64
		{F4CE277F-3E6B-4D2F-B8CB-DA5D9A085C9D}.Debug|x64.Build.0 = Debug|x64
		{F4CE277F-3E6B-4D2F-B8CB-DA5D9A085C9D}.Debug|x86.ActiveCfg = Debug|x86
		{F4CE277F-3E6B-4D2F-B8CB-DA5D9A085C9D}.Debug|x86.Build.0 = Debug|x86
		{F4CE277F-3E6B-4D2F-B8CB-DA5D9A085C9D}.Release|Any CPU.ActiveCfg = Release|Any CPU
		{F4CE277F-3E6B-4D2F-B8CB-DA5D9A085C9D}.Release|Any CPU.Build.0 = Release|Any CPU
		{F4CE277F-3E6B-4D2F-B8CB-DA5D9A085C9D}.Release|x64.ActiveCfg = Release|x64
		{F4CE277F-3E6B-4D2F-B8CB-DA5D9A085C9D}.Release|x64.Build.0 = Release|x64
		{F4CE277F-3E6B-4D2F-B8CB-DA5D9A085C9D}.Release|x86.ActiveCfg = Release|x86
		{F4CE277F-3E6B-4D2F-B8CB-DA5D9A085C9D}.Release|x86.Build.0 = Release|x86
		{4B74217D-1454-4CDE-8EDC-3DB7426A7C49}.Debug|Any CPU.ActiveCfg = Debug|Any CPU
		{4B74217D-1454-4CDE-8EDC-3DB7426A7C49}.Debug|Any CPU.Build.0 = Debug|Any CPU
		{4B74217D-1454-4CDE-8EDC-3DB7426A7C49}.Debug|x64.ActiveCfg = Debug|x64
		{4B74217D-1454-4CDE-8EDC-3DB7426A7C49}.Debug|x64.Build.0 = Debug|x64
		{4B74217D-1454-4CDE-8EDC-3DB7426A7C49}.Debug|x86.ActiveCfg = Debug|x86
		{4B74217D-1454-4CDE-8EDC-3DB7426A7C49}.Debug|x86.Build.0 = Debug|x86
		{4B74217D-1454-4CDE-8EDC-3DB7426A7C49}.Release|Any CPU.ActiveCfg = Release|Any CPU
		{4B74217D-1454-4CDE-8EDC-3DB7426A7C49}.Release|Any CPU.Build.0 = Release|Any CPU
		{4B74217D-1454-4CDE-8EDC-3DB7426A7C49}.Release|x64.ActiveCfg = Release|x64
		{4B74217D-1454-4CDE-8EDC-3DB7426A7C49}.Release|x64.Build.0 = Release|x64
		{4B74217D-1454-4CDE-8EDC-3DB7426A7C49}.Release|x86.ActiveCfg = Release|x86
		{4B74217D-1454-4CDE-8EDC-3DB7426A7C49}.Release|x86.Build.0 = Release|x86
		{19FACD74-7EFD-484E-B3F0-4CC98E222F6B}.Debug|Any CPU.ActiveCfg = Debug|Any CPU
		{19FACD74-7EFD-484E-B3F0-4CC98E222F6B}.Debug|Any CPU.Build.0 = Debug|Any CPU
		{19FACD74-7EFD-484E-B3F0-4CC98E222F6B}.Debug|x64.ActiveCfg = Debug|x64
		{19FACD74-7EFD-484E-B3F0-4CC98E222F6B}.Debug|x64.Build.0 = Debug|x64
		{19FACD74-7EFD-484E-B3F0-4CC98E222F6B}.Debug|x86.ActiveCfg = Debug|x86
		{19FACD74-7EFD-484E-B3F0-4CC98E222F6B}.Debug|x86.Build.0 = Debug|x86
		{19FACD74-7EFD-484E-B3F0-4CC98E222F6B}.Release|Any CPU.ActiveCfg = Release|Any CPU
		{19FACD74-7EFD-484E-B3F0-4CC98E222F6B}.Release|Any CPU.Build.0 = Release|Any CPU
		{19FACD74-7EFD-484E-B3F0-4CC98E222F6B}.Release|x64.ActiveCfg = Release|x64
		{19FACD74-7EFD-484E-B3F0-4CC98E222F6B}.Release|x64.Build.0 = Release|x64
		{19FACD74-7EFD-484E-B3F0-4CC98E222F6B}.Release|x86.ActiveCfg = Release|x86
		{19FACD74-7EFD-484E-B3F0-4CC98E222F6B}.Release|x86.Build.0 = Release|x86
		{A2E48571-50F2-454A-A6F7-72FE8C6F80A8}.Debug|Any CPU.ActiveCfg = Debug|Any CPU
		{A2E48571-50F2-454A-A6F7-72FE8C6F80A8}.Debug|Any CPU.Build.0 = Debug|Any CPU
		{A2E48571-50F2-454A-A6F7-72FE8C6F80A8}.Debug|x64.ActiveCfg = Debug|x64
		{A2E48571-50F2-454A-A6F7-72FE8C6F80A8}.Debug|x64.Build.0 = Debug|x64
		{A2E48571-50F2-454A-A6F7-72FE8C6F80A8}.Debug|x86.ActiveCfg = Debug|x86
		{A2E48571-50F2-454A-A6F7-72FE8C6F80A8}.Debug|x86.Build.0 = Debug|x86
		{A2E48571-50F2-454A-A6F7-72FE8C6F80A8}.Release|Any CPU.ActiveCfg = Release|Any CPU
		{A2E48571-50F2-454A-A6F7-72FE8C6F80A8}.Release|Any CPU.Build.0 = Release|Any CPU
		{A2E48571-50F2-454A-A6F7-72FE8C6F80A8}.Release|x64.ActiveCfg = Release|x64
		{A2E48571-50F2-454A-A6F7-72FE8C6F80A8}.Release|x64.Build.0 = Release|x64
		{A2E48571-50F2-454A-A6F7-72FE8C6F80A8}.Release|x86.ActiveCfg = Release|x86
		{A2E48571-50F2-454A-A6F7-72FE8C6F80A8}.Release|x86.Build.0 = Release|x86
		{507BC059-A010-4156-879B-215C59AC0DD3}.Debug|Any CPU.ActiveCfg = Debug|Any CPU
		{507BC059-A010-4156-879B-215C59AC0DD3}.Debug|Any CPU.Build.0 = Debug|Any CPU
		{507BC059-A010-4156-879B-215C59AC0DD3}.Debug|x64.ActiveCfg = Debug|x64
		{507BC059-A010-4156-879B-215C59AC0DD3}.Debug|x64.Build.0 = Debug|x64
		{507BC059-A010-4156-879B-215C59AC0DD3}.Debug|x86.ActiveCfg = Debug|x86
		{507BC059-A010-4156-879B-215C59AC0DD3}.Debug|x86.Build.0 = Debug|x86
		{507BC059-A010-4156-879B-215C59AC0DD3}.Release|Any CPU.ActiveCfg = Release|Any CPU
		{507BC059-A010-4156-879B-215C59AC0DD3}.Release|Any CPU.Build.0 = Release|Any CPU
		{507BC059-A010-4156-879B-215C59AC0DD3}.Release|x64.ActiveCfg = Release|x64
		{507BC059-A010-4156-879B-215C59AC0DD3}.Release|x64.Build.0 = Release|x64
		{507BC059-A010-4156-879B-215C59AC0DD3}.Release|x86.ActiveCfg = Release|x86
		{507BC059-A010-4156-879B-215C59AC0DD3}.Release|x86.Build.0 = Release|x86
		{4B50386C-C387-4770-9FFC-6DD83879B25D}.Debug|Any CPU.ActiveCfg = Debug|Any CPU
		{4B50386C-C387-4770-9FFC-6DD83879B25D}.Debug|Any CPU.Build.0 = Debug|Any CPU
		{4B50386C-C387-4770-9FFC-6DD83879B25D}.Debug|x64.ActiveCfg = Debug|x64
		{4B50386C-C387-4770-9FFC-6DD83879B25D}.Debug|x64.Build.0 = Debug|x64
		{4B50386C-C387-4770-9FFC-6DD83879B25D}.Debug|x86.ActiveCfg = Debug|x86
		{4B50386C-C387-4770-9FFC-6DD83879B25D}.Debug|x86.Build.0 = Debug|x86
		{4B50386C-C387-4770-9FFC-6DD83879B25D}.Release|Any CPU.ActiveCfg = Release|Any CPU
		{4B50386C-C387-4770-9FFC-6DD83879B25D}.Release|Any CPU.Build.0 = Release|Any CPU
		{4B50386C-C387-4770-9FFC-6DD83879B25D}.Release|x64.ActiveCfg = Release|x64
		{4B50386C-C387-4770-9FFC-6DD83879B25D}.Release|x64.Build.0 = Release|x64
		{4B50386C-C387-4770-9FFC-6DD83879B25D}.Release|x86.ActiveCfg = Release|x86
		{4B50386C-C387-4770-9FFC-6DD83879B25D}.Release|x86.Build.0 = Release|x86
	EndGlobalSection
	GlobalSection(SolutionProperties) = preSolution
		HideSolutionNode = FALSE
	EndGlobalSection
	GlobalSection(NestedProjects) = preSolution
		{A19CF7AC-2342-4F94-8470-F7980BBBC381} = {4A9FE364-C4EF-40C9-806D-495CE040EADA}
		{F4CE277F-3E6B-4D2F-B8CB-DA5D9A085C9D} = {36970E2F-2518-4213-94C3-82DE533AC888}
		{36970E2F-2518-4213-94C3-82DE533AC888} = {A19CF7AC-2342-4F94-8470-F7980BBBC381}
		{28854D35-36F6-405B-900D-FA9D8A68B870} = {A19CF7AC-2342-4F94-8470-F7980BBBC381}
		{4B74217D-1454-4CDE-8EDC-3DB7426A7C49} = {28854D35-36F6-405B-900D-FA9D8A68B870}
		{19FACD74-7EFD-484E-B3F0-4CC98E222F6B} = {28854D35-36F6-405B-900D-FA9D8A68B870}
		{57CB3913-BC78-4AC6-9113-C5086686E52B} = {A19CF7AC-2342-4F94-8470-F7980BBBC381}
		{A2E48571-50F2-454A-A6F7-72FE8C6F80A8} = {57CB3913-BC78-4AC6-9113-C5086686E52B}
		{507BC059-A010-4156-879B-215C59AC0DD3} = {57CB3913-BC78-4AC6-9113-C5086686E52B}
		{4B50386C-C387-4770-9FFC-6DD83879B25D} = {36970E2F-2518-4213-94C3-82DE533AC888}
	EndGlobalSection
EndGlobal
