
Microsoft Visual Studio Solution File, Format Version 12.00
# Visual Studio 14
VisualStudioVersion = 14.0.25123.0
MinimumVisualStudioVersion = 10.0.40219.1
Project("{2150E333-8FDC-42A3-9474-1A3956D46DE8}") = "Tools", "Tools", "{65CAB49E-6D15-4403-96AD-057AB1204675}"
EndProject
Project("{2150E333-8FDC-42A3-9474-1A3956D46DE8}") = "Runtime", "Runtime", "{B7ED4F55-0E03-467D-9176-78FB39427393}"
EndProject
Project("{8BB2217D-0F2D-49D1-97BC-3654ED321F3B}") = "MudDesigner.Engine", ".\Source\Runtime\MudDesigner.Engine\MudDesigner.Engine.xproj", "{74B1A90C-688F-4C8F-B122-17DF43429CAA}"
EndProject
Project("{8BB2217D-0F2D-49D1-97BC-3654ED321F3B}") = "MudDesigner.Adapters.BasicRules", ".\Source\Runtime\MudDesigner.Adapters.BasicRules\MudDesigner.Adapters.BasicRules.xproj", "{F03D107E-292C-4FD7-9BDC-DA843996A7F9}"
EndProject
Project("{8BB2217D-0F2D-49D1-97BC-3654ED321F3B}") = "MudDesigner.Adapters.Server", ".\Source\Runtime\MudDesigner.Adapters.Server\MudDesigner.Adapters.Server.xproj", "{258C8E1D-8115-4A89-8CEC-BE1E9F45C5C1}"
EndProject
Global
	GlobalSection(SolutionConfigurationPlatforms) = preSolution
		Debug|Any CPU = Debug|Any CPU
		Release|Any CPU = Release|Any CPU
	EndGlobalSection
	GlobalSection(ProjectConfigurationPlatforms) = postSolution
		{74B1A90C-688F-4C8F-B122-17DF43429CAA}.Debug|Any CPU.ActiveCfg = Debug|Any CPU
		{74B1A90C-688F-4C8F-B122-17DF43429CAA}.Debug|Any CPU.Build.0 = Debug|Any CPU
		{74B1A90C-688F-4C8F-B122-17DF43429CAA}.Release|Any CPU.ActiveCfg = Release|Any CPU
		{74B1A90C-688F-4C8F-B122-17DF43429CAA}.Release|Any CPU.Build.0 = Release|Any CPU
		{F03D107E-292C-4FD7-9BDC-DA843996A7F9}.Debug|Any CPU.ActiveCfg = Debug|Any CPU
		{F03D107E-292C-4FD7-9BDC-DA843996A7F9}.Debug|Any CPU.Build.0 = Debug|Any CPU
		{F03D107E-292C-4FD7-9BDC-DA843996A7F9}.Release|Any CPU.ActiveCfg = Release|Any CPU
		{F03D107E-292C-4FD7-9BDC-DA843996A7F9}.Release|Any CPU.Build.0 = Release|Any CPU
		{258C8E1D-8115-4A89-8CEC-BE1E9F45C5C1}.Debug|Any CPU.ActiveCfg = Debug|Any CPU
		{258C8E1D-8115-4A89-8CEC-BE1E9F45C5C1}.Debug|Any CPU.Build.0 = Debug|Any CPU
		{258C8E1D-8115-4A89-8CEC-BE1E9F45C5C1}.Release|Any CPU.ActiveCfg = Release|Any CPU
		{258C8E1D-8115-4A89-8CEC-BE1E9F45C5C1}.Release|Any CPU.Build.0 = Release|Any CPU
	EndGlobalSection
	GlobalSection(SolutionProperties) = preSolution
		HideSolutionNode = FALSE
	EndGlobalSection
	GlobalSection(NestedProjects) = preSolution
		{74B1A90C-688F-4C8F-B122-17DF43429CAA} = {B7ED4F55-0E03-467D-9176-78FB39427393}
		{F03D107E-292C-4FD7-9BDC-DA843996A7F9} = {B7ED4F55-0E03-467D-9176-78FB39427393}
		{258C8E1D-8115-4A89-8CEC-BE1E9F45C5C1} = {B7ED4F55-0E03-467D-9176-78FB39427393}
	EndGlobalSection
EndGlobal
